
Microsoft Visual Studio Solution File, Format Version 12.00
# Visual Studio Version 16
VisualStudioVersion = 16.0.31624.102
MinimumVisualStudioVersion = 10.0.40219.1
Project("{FAE04EC0-301F-11D3-BF4B-00C04F79EFBC}") = "PROJECT_API1", "PROJECT_API1.csproj", "{1F19EDEE-12CD-4D0A-9B29-8DC307D19118}"
EndProject
Global
	GlobalSection(SolutionConfigurationPlatforms) = preSolution
		Debug|Any CPU = Debug|Any CPU
		Release|Any CPU = Release|Any CPU
	EndGlobalSection
	GlobalSection(ProjectConfigurationPlatforms) = postSolution
		{1F19EDEE-12CD-4D0A-9B29-8DC307D19118}.Debug|Any CPU.ActiveCfg = Debug|Any CPU
		{1F19EDEE-12CD-4D0A-9B29-8DC307D19118}.Debug|Any CPU.Build.0 = Debug|Any CPU
		{1F19EDEE-12CD-4D0A-9B29-8DC307D19118}.Release|Any CPU.ActiveCfg = Release|Any CPU
		{1F19EDEE-12CD-4D0A-9B29-8DC307D19118}.Release|Any CPU.Build.0 = Release|Any CPU
	EndGlobalSection
	GlobalSection(SolutionProperties) = preSolution
		HideSolutionNode = FALSE
	EndGlobalSection
	GlobalSection(ExtensibilityGlobals) = postSolution
		SolutionGuid = {0E22F7F8-FF09-4DE1-B8B7-3ECCC0F43571}
	EndGlobalSection
EndGlobal
